// !$*UTF8*$!
{
	archiveVersion = 1;
	classes = {
	};
	objectVersion = 56;
	objects = {

/* Begin PBXBuildFile section */
		F567A2292AD8824C00CCD128 /* AppDelegate.swift in Sources */ = {isa = PBXBuildFile; fileRef = F567A2282AD8824C00CCD128 /* AppDelegate.swift */; };
		F567A22B2AD8824C00CCD128 /* SceneDelegate.swift in Sources */ = {isa = PBXBuildFile; fileRef = F567A22A2AD8824C00CCD128 /* SceneDelegate.swift */; };
		F567A22D2AD8824C00CCD128 /* ViewController.swift in Sources */ = {isa = PBXBuildFile; fileRef = F567A22C2AD8824C00CCD128 /* ViewController.swift */; };
		F567A2302AD8824C00CCD128 /* Main.storyboard in Resources */ = {isa = PBXBuildFile; fileRef = F567A22E2AD8824C00CCD128 /* Main.storyboard */; };
		F567A2322AD8824E00CCD128 /* Assets.xcassets in Resources */ = {isa = PBXBuildFile; fileRef = F567A2312AD8824E00CCD128 /* Assets.xcassets */; };
		F567A2352AD8824E00CCD128 /* LaunchScreen.storyboard in Resources */ = {isa = PBXBuildFile; fileRef = F567A2332AD8824E00CCD128 /* LaunchScreen.storyboard */; };
		F567A2402AD8824E00CCD128 /* Assignment5_SamMathewTests.swift in Sources */ = {isa = PBXBuildFile; fileRef = F567A23F2AD8824E00CCD128 /* Assignment5_SamMathewTests.swift */; };
		F567A24A2AD8824E00CCD128 /* Assignment5_SamMathewUITests.swift in Sources */ = {isa = PBXBuildFile; fileRef = F567A2492AD8824E00CCD128 /* Assignment5_SamMathewUITests.swift */; };
		F567A24C2AD8824E00CCD128 /* Assignment5_SamMathewUITestsLaunchTests.swift in Sources */ = {isa = PBXBuildFile; fileRef = F567A24B2AD8824E00CCD128 /* Assignment5_SamMathewUITestsLaunchTests.swift */; };
/* End PBXBuildFile section */

/* Begin PBXContainerItemProxy section */
		F567A23C2AD8824E00CCD128 /* PBXContainerItemProxy */ = {
			isa = PBXContainerItemProxy;
			containerPortal = F567A21D2AD8824C00CCD128 /* Project object */;
			proxyType = 1;
			remoteGlobalIDString = F567A2242AD8824C00CCD128;
			remoteInfo = Assignment5_SamMathew;
		};
		F567A2462AD8824E00CCD128 /* PBXContainerItemProxy */ = {
			isa = PBXContainerItemProxy;
			containerPortal = F567A21D2AD8824C00CCD128 /* Project object */;
			proxyType = 1;
			remoteGlobalIDString = F567A2242AD8824C00CCD128;
			remoteInfo = Assignment5_SamMathew;
		};
/* End PBXContainerItemProxy section */

/* Begin PBXFileReference section */
		F567A2252AD8824C00CCD128 /* Assignment5_SamMathew.app */ = {isa = PBXFileReference; explicitFileType = wrapper.application; includeInIndex = 0; path = Assignment5_SamMathew.app; sourceTree = BUILT_PRODUCTS_DIR; };
		F567A2282AD8824C00CCD128 /* AppDelegate.swift */ = {isa = PBXFileReference; lastKnownFileType = sourcecode.swift; path = AppDelegate.swift; sourceTree = "<group>"; };
		F567A22A2AD8824C00CCD128 /* SceneDelegate.swift */ = {isa = PBXFileReference; lastKnownFileType = sourcecode.swift; path = SceneDelegate.swift; sourceTree = "<group>"; };
		F567A22C2AD8824C00CCD128 /* ViewController.swift */ = {isa = PBXFileReference; lastKnownFileType = sourcecode.swift; path = ViewController.swift; sourceTree = "<group>"; };
		F567A22F2AD8824C00CCD128 /* Base */ = {isa = PBXFileReference; lastKnownFileType = file.storyboard; name = Base; path = Base.lproj/Main.storyboard; sourceTree = "<group>"; };
		F567A2312AD8824E00CCD128 /* Assets.xcassets */ = {isa = PBXFileReference; lastKnownFileType = folder.assetcatalog; path = Assets.xcassets; sourceTree = "<group>"; };
		F567A2342AD8824E00CCD128 /* Base */ = {isa = PBXFileReference; lastKnownFileType = file.storyboard; name = Base; path = Base.lproj/LaunchScreen.storyboard; sourceTree = "<group>"; };
		F567A2362AD8824E00CCD128 /* Info.plist */ = {isa = PBXFileReference; lastKnownFileType = text.plist.xml; path = Info.plist; sourceTree = "<group>"; };
		F567A23B2AD8824E00CCD128 /* Assignment5_SamMathewTests.xctest */ = {isa = PBXFileReference; explicitFileType = wrapper.cfbundle; includeInIndex = 0; path = Assignment5_SamMathewTests.xctest; sourceTree = BUILT_PRODUCTS_DIR; };
		F567A23F2AD8824E00CCD128 /* Assignment5_SamMathewTests.swift */ = {isa = PBXFileReference; lastKnownFileType = sourcecode.swift; path = Assignment5_SamMathewTests.swift; sourceTree = "<group>"; };
		F567A2452AD8824E00CCD128 /* Assignment5_SamMathewUITests.xctest */ = {isa = PBXFileReference; explicitFileType = wrapper.cfbundle; includeInIndex = 0; path = Assignment5_SamMathewUITests.xctest; sourceTree = BUILT_PRODUCTS_DIR; };
		F567A2492AD8824E00CCD128 /* Assignment5_SamMathewUITests.swift */ = {isa = PBXFileReference; lastKnownFileType = sourcecode.swift; path = Assignment5_SamMathewUITests.swift; sourceTree = "<group>"; };
		F567A24B2AD8824E00CCD128 /* Assignment5_SamMathewUITestsLaunchTests.swift */ = {isa = PBXFileReference; lastKnownFileType = sourcecode.swift; path = Assignment5_SamMathewUITestsLaunchTests.swift; sourceTree = "<group>"; };
/* End PBXFileReference section */

/* Begin PBXFrameworksBuildPhase section */
		F567A2222AD8824C00CCD128 /* Frameworks */ = {
			isa = PBXFrameworksBuildPhase;
			buildActionMask = 2147483647;
			files = (
			);
			runOnlyForDeploymentPostprocessing = 0;
		};
		F567A2382AD8824E00CCD128 /* Frameworks */ = {
			isa = PBXFrameworksBuildPhase;
			buildActionMask = 2147483647;
			files = (
			);
			runOnlyForDeploymentPostprocessing = 0;
		};
		F567A2422AD8824E00CCD128 /* Frameworks */ = {
			isa = PBXFrameworksBuildPhase;
			buildActionMask = 2147483647;
			files = (
			);
			runOnlyForDeploymentPostprocessing = 0;
		};
/* End PBXFrameworksBuildPhase section */

/* Begin PBXGroup section */
		F567A21C2AD8824C00CCD128 = {
			isa = PBXGroup;
			children = (
				F567A2272AD8824C00CCD128 /* Assignment5_SamMathew */,
				F567A23E2AD8824E00CCD128 /* Assignment5_SamMathewTests */,
				F567A2482AD8824E00CCD128 /* Assignment5_SamMathewUITests */,
				F567A2262AD8824C00CCD128 /* Products */,
			);
			sourceTree = "<group>";
		};
		F567A2262AD8824C00CCD128 /* Products */ = {
			isa = PBXGroup;
			children = (
				F567A2252AD8824C00CCD128 /* Assignment5_SamMathew.app */,
				F567A23B2AD8824E00CCD128 /* Assignment5_SamMathewTests.xctest */,
				F567A2452AD8824E00CCD128 /* Assignment5_SamMathewUITests.xctest */,
			);
			name = Products;
			sourceTree = "<group>";
		};
		F567A2272AD8824C00CCD128 /* Assignment5_SamMathew */ = {
			isa = PBXGroup;
			children = (
				F567A2282AD8824C00CCD128 /* AppDelegate.swift */,
				F567A22A2AD8824C00CCD128 /* SceneDelegate.swift */,
				F567A22C2AD8824C00CCD128 /* ViewController.swift */,
				F567A22E2AD8824C00CCD128 /* Main.storyboard */,
				F567A2312AD8824E00CCD128 /* Assets.xcassets */,
				F567A2332AD8824E00CCD128 /* LaunchScreen.storyboard */,
				F567A2362AD8824E00CCD128 /* Info.plist */,
			);
			path = Assignment5_SamMathew;
			sourceTree = "<group>";
		};
		F567A23E2AD8824E00CCD128 /* Assignment5_SamMathewTests */ = {
			isa = PBXGroup;
			children = (
				F567A23F2AD8824E00CCD128 /* Assignment5_SamMathewTests.swift */,
			);
			path = Assignment5_SamMathewTests;
			sourceTree = "<group>";
		};
		F567A2482AD8824E00CCD128 /* Assignment5_SamMathewUITests */ = {
			isa = PBXGroup;
			children = (
				F567A2492AD8824E00CCD128 /* Assignment5_SamMathewUITests.swift */,
				F567A24B2AD8824E00CCD128 /* Assignment5_SamMathewUITestsLaunchTests.swift */,
			);
			path = Assignment5_SamMathewUITests;
			sourceTree = "<group>";
		};
/* End PBXGroup section */

/* Begin PBXNativeTarget section */
		F567A2242AD8824C00CCD128 /* Assignment5_SamMathew */ = {
			isa = PBXNativeTarget;
			buildConfigurationList = F567A24F2AD8824E00CCD128 /* Build configuration list for PBXNativeTarget "Assignment5_SamMathew" */;
			buildPhases = (
				F567A2212AD8824C00CCD128 /* Sources */,
				F567A2222AD8824C00CCD128 /* Frameworks */,
				F567A2232AD8824C00CCD128 /* Resources */,
			);
			buildRules = (
			);
			dependencies = (
			);
			name = Assignment5_SamMathew;
			productName = Assignment5_SamMathew;
			productReference = F567A2252AD8824C00CCD128 /* Assignment5_SamMathew.app */;
			productType = "com.apple.product-type.application";
		};
		F567A23A2AD8824E00CCD128 /* Assignment5_SamMathewTests */ = {
			isa = PBXNativeTarget;
			buildConfigurationList = F567A2522AD8824E00CCD128 /* Build configuration list for PBXNativeTarget "Assignment5_SamMathewTests" */;
			buildPhases = (
				F567A2372AD8824E00CCD128 /* Sources */,
				F567A2382AD8824E00CCD128 /* Frameworks */,
				F567A2392AD8824E00CCD128 /* Resources */,
			);
			buildRules = (
			);
			dependencies = (
				F567A23D2AD8824E00CCD128 /* PBXTargetDependency */,
			);
			name = Assignment5_SamMathewTests;
			productName = Assignment5_SamMathewTests;
			productReference = F567A23B2AD8824E00CCD128 /* Assignment5_SamMathewTests.xctest */;
			productType = "com.apple.product-type.bundle.unit-test";
		};
		F567A2442AD8824E00CCD128 /* Assignment5_SamMathewUITests */ = {
			isa = PBXNativeTarget;
			buildConfigurationList = F567A2552AD8824E00CCD128 /* Build configuration list for PBXNativeTarget "Assignment5_SamMathewUITests" */;
			buildPhases = (
				F567A2412AD8824E00CCD128 /* Sources */,
				F567A2422AD8824E00CCD128 /* Frameworks */,
				F567A2432AD8824E00CCD128 /* Resources */,
			);
			buildRules = (
			);
			dependencies = (
				F567A2472AD8824E00CCD128 /* PBXTargetDependency */,
			);
			name = Assignment5_SamMathewUITests;
			productName = Assignment5_SamMathewUITests;
			productReference = F567A2452AD8824E00CCD128 /* Assignment5_SamMathewUITests.xctest */;
			productType = "com.apple.product-type.bundle.ui-testing";
		};
/* End PBXNativeTarget section */

/* Begin PBXProject section */
		F567A21D2AD8824C00CCD128 /* Project object */ = {
			isa = PBXProject;
			attributes = {
				BuildIndependentTargetsInParallel = 1;
				LastSwiftUpdateCheck = 1500;
				LastUpgradeCheck = 1500;
				TargetAttributes = {
					F567A2242AD8824C00CCD128 = {
						CreatedOnToolsVersion = 15.0;
					};
					F567A23A2AD8824E00CCD128 = {
						CreatedOnToolsVersion = 15.0;
						TestTargetID = F567A2242AD8824C00CCD128;
					};
					F567A2442AD8824E00CCD128 = {
						CreatedOnToolsVersion = 15.0;
						TestTargetID = F567A2242AD8824C00CCD128;
					};
				};
			};
			buildConfigurationList = F567A2202AD8824C00CCD128 /* Build configuration list for PBXProject "Assignment5_SamMathew" */;
			compatibilityVersion = "Xcode 14.0";
			developmentRegion = en;
			hasScannedForEncodings = 0;
			knownRegions = (
				en,
				Base,
			);
			mainGroup = F567A21C2AD8824C00CCD128;
			productRefGroup = F567A2262AD8824C00CCD128 /* Products */;
			projectDirPath = "";
			projectRoot = "";
			targets = (
				F567A2242AD8824C00CCD128 /* Assignment5_SamMathew */,
				F567A23A2AD8824E00CCD128 /* Assignment5_SamMathewTests */,
				F567A2442AD8824E00CCD128 /* Assignment5_SamMathewUITests */,
			);
		};
/* End PBXProject section */

/* Begin PBXResourcesBuildPhase section */
		F567A2232AD8824C00CCD128 /* Resources */ = {
			isa = PBXResourcesBuildPhase;
			buildActionMask = 2147483647;
			files = (
				F567A2352AD8824E00CCD128 /* LaunchScreen.storyboard in Resources */,
				F567A2322AD8824E00CCD128 /* Assets.xcassets in Resources */,
				F567A2302AD8824C00CCD128 /* Main.storyboard in Resources */,
			);
			runOnlyForDeploymentPostprocessing = 0;
		};
		F567A2392AD8824E00CCD128 /* Resources */ = {
			isa = PBXResourcesBuildPhase;
			buildActionMask = 2147483647;
			files = (
			);
			runOnlyForDeploymentPostprocessing = 0;
		};
		F567A2432AD8824E00CCD128 /* Resources */ = {
			isa = PBXResourcesBuildPhase;
			buildActionMask = 2147483647;
			files = (
			);
			runOnlyForDeploymentPostprocessing = 0;
		};
/* End PBXResourcesBuildPhase section */

/* Begin PBXSourcesBuildPhase section */
		F567A2212AD8824C00CCD128 /* Sources */ = {
			isa = PBXSourcesBuildPhase;
			buildActionMask = 2147483647;
			files = (
				F567A22D2AD8824C00CCD128 /* ViewController.swift in Sources */,
				F567A2292AD8824C00CCD128 /* AppDelegate.swift in Sources */,
				F567A22B2AD8824C00CCD128 /* SceneDelegate.swift in Sources */,
			);
			runOnlyForDeploymentPostprocessing = 0;
		};
		F567A2372AD8824E00CCD128 /* Sources */ = {
			isa = PBXSourcesBuildPhase;
			buildActionMask = 2147483647;
			files = (
				F567A2402AD8824E00CCD128 /* Assignment5_SamMathewTests.swift in Sources */,
			);
			runOnlyForDeploymentPostprocessing = 0;
		};
		F567A2412AD8824E00CCD128 /* Sources */ = {
			isa = PBXSourcesBuildPhase;
			buildActionMask = 2147483647;
			files = (
				F567A24A2AD8824E00CCD128 /* Assignment5_SamMathewUITests.swift in Sources */,
				F567A24C2AD8824E00CCD128 /* Assignment5_SamMathewUITestsLaunchTests.swift in Sources */,
			);
			runOnlyForDeploymentPostprocessing = 0;
		};
/* End PBXSourcesBuildPhase section */

/* Begin PBXTargetDependency section */
		F567A23D2AD8824E00CCD128 /* PBXTargetDependency */ = {
			isa = PBXTargetDependency;
			target = F567A2242AD8824C00CCD128 /* Assignment5_SamMathew */;
			targetProxy = F567A23C2AD8824E00CCD128 /* PBXContainerItemProxy */;
		};
		F567A2472AD8824E00CCD128 /* PBXTargetDependency */ = {
			isa = PBXTargetDependency;
			target = F567A2242AD8824C00CCD128 /* Assignment5_SamMathew */;
			targetProxy = F567A2462AD8824E00CCD128 /* PBXContainerItemProxy */;
		};
/* End PBXTargetDependency section */

/* Begin PBXVariantGroup section */
		F567A22E2AD8824C00CCD128 /* Main.storyboard */ = {
			isa = PBXVariantGroup;
			children = (
				F567A22F2AD8824C00CCD128 /* Base */,
			);
			name = Main.storyboard;
			sourceTree = "<group>";
		};
		F567A2332AD8824E00CCD128 /* LaunchScreen.storyboard */ = {
			isa = PBXVariantGroup;
			children = (
				F567A2342AD8824E00CCD128 /* Base */,
			);
			name = LaunchScreen.storyboard;
			sourceTree = "<group>";
		};
/* End PBXVariantGroup section */

/* Begin XCBuildConfiguration section */
		F567A24D2AD8824E00CCD128 /* Debug */ = {
			isa = XCBuildConfiguration;
			buildSettings = {
				ALWAYS_SEARCH_USER_PATHS = NO;
				ASSETCATALOG_COMPILER_GENERATE_SWIFT_ASSET_SYMBOL_EXTENSIONS = YES;
				CLANG_ANALYZER_NONNULL = YES;
				CLANG_ANALYZER_NUMBER_OBJECT_CONVERSION = YES_AGGRESSIVE;
				CLANG_CXX_LANGUAGE_STANDARD = "gnu++20";
				CLANG_ENABLE_MODULES = YES;
				CLANG_ENABLE_OBJC_ARC = YES;
				CLANG_ENABLE_OBJC_WEAK = YES;
				CLANG_WARN_BLOCK_CAPTURE_AUTORELEASING = YES;
				CLANG_WARN_BOOL_CONVERSION = YES;
				CLANG_WARN_COMMA = YES;
				CLANG_WARN_CONSTANT_CONVERSION = YES;
				CLANG_WARN_DEPRECATED_OBJC_IMPLEMENTATIONS = YES;
				CLANG_WARN_DIRECT_OBJC_ISA_USAGE = YES_ERROR;
				CLANG_WARN_DOCUMENTATION_COMMENTS = YES;
				CLANG_WARN_EMPTY_BODY = YES;
				CLANG_WARN_ENUM_CONVERSION = YES;
				CLANG_WARN_INFINITE_RECURSION = YES;
				CLANG_WARN_INT_CONVERSION = YES;
				CLANG_WARN_NON_LITERAL_NULL_CONVERSION = YES;
				CLANG_WARN_OBJC_IMPLICIT_RETAIN_SELF = YES;
				CLANG_WARN_OBJC_LITERAL_CONVERSION = YES;
				CLANG_WARN_OBJC_ROOT_CLASS = YES_ERROR;
				CLANG_WARN_QUOTED_INCLUDE_IN_FRAMEWORK_HEADER = YES;
				CLANG_WARN_RANGE_LOOP_ANALYSIS = YES;
				CLANG_WARN_STRICT_PROTOTYPES = YES;
				CLANG_WARN_SUSPICIOUS_MOVE = YES;
				CLANG_WARN_UNGUARDED_AVAILABILITY = YES_AGGRESSIVE;
				CLANG_WARN_UNREACHABLE_CODE = YES;
				CLANG_WARN__DUPLICATE_METHOD_MATCH = YES;
				COPY_PHASE_STRIP = NO;
				DEBUG_INFORMATION_FORMAT = dwarf;
				ENABLE_STRICT_OBJC_MSGSEND = YES;
				ENABLE_TESTABILITY = YES;
				ENABLE_USER_SCRIPT_SANDBOXING = YES;
				GCC_C_LANGUAGE_STANDARD = gnu17;
				GCC_DYNAMIC_NO_PIC = NO;
				GCC_NO_COMMON_BLOCKS = YES;
				GCC_OPTIMIZATION_LEVEL = 0;
				GCC_PREPROCESSOR_DEFINITIONS = (
					"DEBUG=1",
					"$(inherited)",
				);
				GCC_WARN_64_TO_32_BIT_CONVERSION = YES;
				GCC_WARN_ABOUT_RETURN_TYPE = YES_ERROR;
				GCC_WARN_UNDECLARED_SELECTOR = YES;
				GCC_WARN_UNINITIALIZED_AUTOS = YES_AGGRESSIVE;
				GCC_WARN_UNUSED_FUNCTION = YES;
				GCC_WARN_UNUSED_VARIABLE = YES;
				IPHONEOS_DEPLOYMENT_TARGET = 17.0;
				LOCALIZATION_PREFERS_STRING_CATALOGS = YES;
				MTL_ENABLE_DEBUG_INFO = INCLUDE_SOURCE;
				MTL_FAST_MATH = YES;
				ONLY_ACTIVE_ARCH = YES;
				SDKROOT = iphoneos;
				SWIFT_ACTIVE_COMPILATION_CONDITIONS = "DEBUG $(inherited)";
				SWIFT_OPTIMIZATION_LEVEL = "-Onone";
			};
			name = Debug;
		};
		F567A24E2AD8824E00CCD128 /* Release */ = {
			isa = XCBuildConfiguration;
			buildSettings = {
				ALWAYS_SEARCH_USER_PATHS = NO;
				ASSETCATALOG_COMPILER_GENERATE_SWIFT_ASSET_SYMBOL_EXTENSIONS = YES;
				CLANG_ANALYZER_NONNULL = YES;
				CLANG_ANALYZER_NUMBER_OBJECT_CONVERSION = YES_AGGRESSIVE;
				CLANG_CXX_LANGUAGE_STANDARD = "gnu++20";
				CLANG_ENABLE_MODULES = YES;
				CLANG_ENABLE_OBJC_ARC = YES;
				CLANG_ENABLE_OBJC_WEAK = YES;
				CLANG_WARN_BLOCK_CAPTURE_AUTORELEASING = YES;
				CLANG_WARN_BOOL_CONVERSION = YES;
				CLANG_WARN_COMMA = YES;
				CLANG_WARN_CONSTANT_CONVERSION = YES;
				CLANG_WARN_DEPRECATED_OBJC_IMPLEMENTATIONS = YES;
				CLANG_WARN_DIRECT_OBJC_ISA_USAGE = YES_ERROR;
				CLANG_WARN_DOCUMENTATION_COMMENTS = YES;
				CLANG_WARN_EMPTY_BODY = YES;
				CLANG_WARN_ENUM_CONVERSION = YES;
				CLANG_WARN_INFINITE_RECURSION = YES;
				CLANG_WARN_INT_CONVERSION = YES;
				CLANG_WARN_NON_LITERAL_NULL_CONVERSION = YES;
				CLANG_WARN_OBJC_IMPLICIT_RETAIN_SELF = YES;
				CLANG_WARN_OBJC_LITERAL_CONVERSION = YES;
				CLANG_WARN_OBJC_ROOT_CLASS = YES_ERROR;
				CLANG_WARN_QUOTED_INCLUDE_IN_FRAMEWORK_HEADER = YES;
				CLANG_WARN_RANGE_LOOP_ANALYSIS = YES;
				CLANG_WARN_STRICT_PROTOTYPES = YES;
				CLANG_WARN_SUSPICIOUS_MOVE = YES;
				CLANG_WARN_UNGUARDED_AVAILABILITY = YES_AGGRESSIVE;
				CLANG_WARN_UNREACHABLE_CODE = YES;
				CLANG_WARN__DUPLICATE_METHOD_MATCH = YES;
				COPY_PHASE_STRIP = NO;
				DEBUG_INFORMATION_FORMAT = "dwarf-with-dsym";
				ENABLE_NS_ASSERTIONS = NO;
				ENABLE_STRICT_OBJC_MSGSEND = YES;
				ENABLE_USER_SCRIPT_SANDBOXING = YES;
				GCC_C_LANGUAGE_STANDARD = gnu17;
				GCC_NO_COMMON_BLOCKS = YES;
				GCC_WARN_64_TO_32_BIT_CONVERSION = YES;
				GCC_WARN_ABOUT_RETURN_TYPE = YES_ERROR;
				GCC_WARN_UNDECLARED_SELECTOR = YES;
				GCC_WARN_UNINITIALIZED_AUTOS = YES_AGGRESSIVE;
				GCC_WARN_UNUSED_FUNCTION = YES;
				GCC_WARN_UNUSED_VARIABLE = YES;
				IPHONEOS_DEPLOYMENT_TARGET = 17.0;
				LOCALIZATION_PREFERS_STRING_CATALOGS = YES;
				MTL_ENABLE_DEBUG_INFO = NO;
				MTL_FAST_MATH = YES;
				SDKROOT = iphoneos;
				SWIFT_COMPILATION_MODE = wholemodule;
				VALIDATE_PRODUCT = YES;
			};
			name = Release;
		};
		F567A2502AD8824E00CCD128 /* Debug */ = {
			isa = XCBuildConfiguration;
			buildSettings = {
				ASSETCATALOG_COMPILER_APPICON_NAME = AppIcon;
				ASSETCATALOG_COMPILER_GLOBAL_ACCENT_COLOR_NAME = AccentColor;
				CODE_SIGN_STYLE = Automatic;
				CURRENT_PROJECT_VERSION = 1;
				DEVELOPMENT_TEAM = 8WLH83G2DS;
				GENERATE_INFOPLIST_FILE = YES;
				INFOPLIST_FILE = Assignment5_SamMathew/Info.plist;
				INFOPLIST_KEY_UIApplicationSupportsIndirectInputEvents = YES;
				INFOPLIST_KEY_UILaunchStoryboardName = LaunchScreen;
				INFOPLIST_KEY_UIMainStoryboardFile = Main;
				INFOPLIST_KEY_UISupportedInterfaceOrientations = UIInterfaceOrientationPortrait;
				LD_RUNPATH_SEARCH_PATHS = (
					"$(inherited)",
					"@executable_path/Frameworks",
				);
				MARKETING_VERSION = 1.0;
				PRODUCT_BUNDLE_IDENTIFIER = "com.conestoga.Assignment5-SamMathew";
				PRODUCT_NAME = "$(TARGET_NAME)";
				SWIFT_EMIT_LOC_STRINGS = YES;
				SWIFT_VERSION = 5.0;
				TARGETED_DEVICE_FAMILY = "1,2";
			};
			name = Debug;
		};
		F567A2512AD8824E00CCD128 /* Release */ = {
			isa = XCBuildConfiguration;
			buildSettings = {
				ASSETCATALOG_COMPILER_APPICON_NAME = AppIcon;
				ASSETCATALOG_COMPILER_GLOBAL_ACCENT_COLOR_NAME = AccentColor;
				CODE_SIGN_STYLE = Automatic;
				CURRENT_PROJECT_VERSION = 1;
				DEVELOPMENT_TEAM = 8WLH83G2DS;
				GENERATE_INFOPLIST_FILE = YES;
				INFOPLIST_FILE = Assignment5_SamMathew/Info.plist;
				INFOPLIST_KEY_UIApplicationSupportsIndirectInputEvents = YES;
				INFOPLIST_KEY_UILaunchStoryboardName = LaunchScreen;
				INFOPLIST_KEY_UIMainStoryboardFile = Main;
				INFOPLIST_KEY_UISupportedInterfaceOrientations = UIInterfaceOrientationPortrait;
				LD_RUNPATH_SEARCH_PATHS = (
					"$(inherited)",
					"@executable_path/Frameworks",
				);
				MARKETING_VERSION = 1.0;
				PRODUCT_BUNDLE_IDENTIFIER = "com.conestoga.Assignment5-SamMathew";
				PRODUCT_NAME = "$(TARGET_NAME)";
				SWIFT_EMIT_LOC_STRINGS = YES;
				SWIFT_VERSION = 5.0;
				TARGETED_DEVICE_FAMILY = "1,2";
			};
			name = Release;
		};
		F567A2532AD8824E00CCD128 /* Debug */ = {
			isa = XCBuildConfiguration;
			buildSettings = {
				ALWAYS_EMBED_SWIFT_STANDARD_LIBRARIES = YES;
				BUNDLE_LOADER = "$(TEST_HOST)";
				CODE_SIGN_STYLE = Automatic;
				CURRENT_PROJECT_VERSION = 1;
				DEVELOPMENT_TEAM = 8WLH83G2DS;
				GENERATE_INFOPLIST_FILE = YES;
				IPHONEOS_DEPLOYMENT_TARGET = 17.0;
				MARKETING_VERSION = 1.0;
				PRODUCT_BUNDLE_IDENTIFIER = "com.conestoga.Assignment5-SamMathewTests";
				PRODUCT_NAME = "$(TARGET_NAME)";
				SWIFT_EMIT_LOC_STRINGS = NO;
				SWIFT_VERSION = 5.0;
				TARGETED_DEVICE_FAMILY = "1,2";
				TEST_HOST = "$(BUILT_PRODUCTS_DIR)/Assignment5_SamMathew.app/$(BUNDLE_EXECUTABLE_FOLDER_PATH)/Assignment5_SamMathew";
			};
			name = Debug;
		};
		F567A2542AD8824E00CCD128 /* Release */ = {
			isa = XCBuildConfiguration;
			buildSettings = {
				ALWAYS_EMBED_SWIFT_STANDARD_LIBRARIES = YES;
				BUNDLE_LOADER = "$(TEST_HOST)";
				CODE_SIGN_STYLE = Automatic;
				CURRENT_PROJECT_VERSION = 1;
				DEVELOPMENT_TEAM = 8WLH83G2DS;
				GENERATE_INFOPLIST_FILE = YES;
				IPHONEOS_DEPLOYMENT_TARGET = 17.0;
				MARKETING_VERSION = 1.0;
				PRODUCT_BUNDLE_IDENTIFIER = "com.conestoga.Assignment5-SamMathewTests";
				PRODUCT_NAME = "$(TARGET_NAME)";
				SWIFT_EMIT_LOC_STRINGS = NO;
				SWIFT_VERSION = 5.0;
				TARGETED_DEVICE_FAMILY = "1,2";
				TEST_HOST = "$(BUILT_PRODUCTS_DIR)/Assignment5_SamMathew.app/$(BUNDLE_EXECUTABLE_FOLDER_PATH)/Assignment5_SamMathew";
			};
			name = Release;
		};
		F567A2562AD8824E00CCD128 /* Debug */ = {
			isa = XCBuildConfiguration;
			buildSettings = {
				ALWAYS_EMBED_SWIFT_STANDARD_LIBRARIES = YES;
				CODE_SIGN_STYLE = Automatic;
				CURRENT_PROJECT_VERSION = 1;
				DEVELOPMENT_TEAM = 8WLH83G2DS;
				GENERATE_INFOPLIST_FILE = YES;
				MARKETING_VERSION = 1.0;
				PRODUCT_BUNDLE_IDENTIFIER = "com.conestoga.Assignment5-SamMathewUITests";
				PRODUCT_NAME = "$(TARGET_NAME)";
				SWIFT_EMIT_LOC_STRINGS = NO;
				SWIFT_VERSION = 5.0;
				TARGETED_DEVICE_FAMILY = "1,2";
				TEST_TARGET_NAME = Assignment5_SamMathew;
			};
			name = Debug;
		};
		F567A2572AD8824E00CCD128 /* Release */ = {
			isa = XCBuildConfiguration;
			buildSettings = {
				ALWAYS_EMBED_SWIFT_STANDARD_LIBRARIES = YES;
				CODE_SIGN_STYLE = Automatic;
				CURRENT_PROJECT_VERSION = 1;
				DEVELOPMENT_TEAM = 8WLH83G2DS;
				GENERATE_INFOPLIST_FILE = YES;
				MARKETING_VERSION = 1.0;
				PRODUCT_BUNDLE_IDENTIFIER = "com.conestoga.Assignment5-SamMathewUITests";
				PRODUCT_NAME = "$(TARGET_NAME)";
				SWIFT_EMIT_LOC_STRINGS = NO;
				SWIFT_VERSION = 5.0;
				TARGETED_DEVICE_FAMILY = "1,2";
				TEST_TARGET_NAME = Assignment5_SamMathew;
			};
			name = Release;
		};
/* End XCBuildConfiguration section */

/* Begin XCConfigurationList section */
		F567A2202AD8824C00CCD128 /* Build configuration list for PBXProject "Assignment5_SamMathew" */ = {
			isa = XCConfigurationList;
			buildConfigurations = (
				F567A24D2AD8824E00CCD128 /* Debug */,
				F567A24E2AD8824E00CCD128 /* Release */,
			);
			defaultConfigurationIsVisible = 0;
			defaultConfigurationName = Release;
		};
		F567A24F2AD8824E00CCD128 /* Build configuration list for PBXNativeTarget "Assignment5_SamMathew" */ = {
			isa = XCConfigurationList;
			buildConfigurations = (
				F567A2502AD8824E00CCD128 /* Debug */,
				F567A2512AD8824E00CCD128 /* Release */,
			);
			defaultConfigurationIsVisible = 0;
			defaultConfigurationName = Release;
		};
		F567A2522AD8824E00CCD128 /* Build configuration list for PBXNativeTarget "Assignment5_SamMathewTests" */ = {
			isa = XCConfigurationList;
			buildConfigurations = (
				F567A2532AD8824E00CCD128 /* Debug */,
				F567A2542AD8824E00CCD128 /* Release */,
			);
			defaultConfigurationIsVisible = 0;
			defaultConfigurationName = Release;
		};
		F567A2552AD8824E00CCD128 /* Build configuration list for PBXNativeTarget "Assignment5_SamMathewUITests" */ = {
			isa = XCConfigurationList;
			buildConfigurations = (
				F567A2562AD8824E00CCD128 /* Debug */,
				F567A2572AD8824E00CCD128 /* Release */,
			);
			defaultConfigurationIsVisible = 0;
			defaultConfigurationName = Release;
		};
/* End XCConfigurationList section */
	};
	rootObject = F567A21D2AD8824C00CCD128 /* Project object */;
}
